
Microsoft Visual Studio Solution File, Format Version 12.00
# Visual Studio Version 16
VisualStudioVersion = 16.0.29201.188
MinimumVisualStudioVersion = 10.0.40219.1
Project("{FAE04EC0-301F-11D3-BF4B-00C04F79EFBC}") = "WindowsFormsApp1", "WindowsFormsApp1\WindowsFormsApp1.csproj", "{923C6269-E970-4AE1-ADE2-5EA71B250170}"
EndProject
Project("{FAE04EC0-301F-11D3-BF4B-00C04F79EFBC}") = "WindowsFormsControlLibrary1", "WindowsFormsControlLibrary1\WindowsFormsControlLibrary1.csproj", "{617A4CBA-8237-47EE-B5A8-6E13BD675D59}"
EndProject
Global
	GlobalSection(SolutionConfigurationPlatforms) = preSolution
		Debug|Any CPU = Debug|Any CPU
		Release|Any CPU = Release|Any CPU
	EndGlobalSection
	GlobalSection(ProjectConfigurationPlatforms) = postSolution
		{923C6269-E970-4AE1-ADE2-5EA71B250170}.Debug|Any CPU.ActiveCfg = Debug|Any CPU
		{923C6269-E970-4AE1-ADE2-5EA71B250170}.Debug|Any CPU.Build.0 = Debug|Any CPU
		{923C6269-E970-4AE1-ADE2-5EA71B250170}.Release|Any CPU.ActiveCfg = Release|Any CPU
		{923C6269-E970-4AE1-ADE2-5EA71B250170}.Release|Any CPU.Build.0 = Release|Any CPU
		{617A4CBA-8237-47EE-B5A8-6E13BD675D59}.Debug|Any CPU.ActiveCfg = Debug|Any CPU
		{617A4CBA-8237-47EE-B5A8-6E13BD675D59}.Debug|Any CPU.Build.0 = Debug|Any CPU
		{617A4CBA-8237-47EE-B5A8-6E13BD675D59}.Release|Any CPU.ActiveCfg = Release|Any CPU
		{617A4CBA-8237-47EE-B5A8-6E13BD675D59}.Release|Any CPU.Build.0 = Release|Any CPU
	EndGlobalSection
	GlobalSection(SolutionProperties) = preSolution
		HideSolutionNode = FALSE
	EndGlobalSection
	GlobalSection(ExtensibilityGlobals) = postSolution
		SolutionGuid = {B5C022EE-2D73-4DFE-A818-E3064AD5B49B}
	EndGlobalSection
EndGlobal
