
Microsoft Visual Studio Solution File, Format Version 12.00
# Visual Studio Version 17
VisualStudioVersion = 17.1.32421.90
MinimumVisualStudioVersion = 10.0.40219.1
Project("{9A19103F-16F7-4668-BE54-9A1E7A4F7556}") = "NotebookAPI", "NotebookAPI\NotebookAPI.csproj", "{D1425200-7CBA-4FE1-8208-2F79CDF785F2}"
EndProject
Project("{9A19103F-16F7-4668-BE54-9A1E7A4F7556}") = "NoteBookClient", "NoteBookClient\NoteBookClient.csproj", "{A8AD9450-D11B-46B0-B2B2-18210685005C}"
EndProject
Global
	GlobalSection(SolutionConfigurationPlatforms) = preSolution
		Debug|Any CPU = Debug|Any CPU
		Debug|x64 = Debug|x64
		Release|Any CPU = Release|Any CPU
		Release|x64 = Release|x64
	EndGlobalSection
	GlobalSection(ProjectConfigurationPlatforms) = postSolution
		{D1425200-7CBA-4FE1-8208-2F79CDF785F2}.Debug|Any CPU.ActiveCfg = Debug|Any CPU
		{D1425200-7CBA-4FE1-8208-2F79CDF785F2}.Debug|Any CPU.Build.0 = Debug|Any CPU
		{D1425200-7CBA-4FE1-8208-2F79CDF785F2}.Debug|x64.ActiveCfg = Debug|Any CPU
		{D1425200-7CBA-4FE1-8208-2F79CDF785F2}.Debug|x64.Build.0 = Debug|Any CPU
		{D1425200-7CBA-4FE1-8208-2F79CDF785F2}.Release|Any CPU.ActiveCfg = Release|Any CPU
		{D1425200-7CBA-4FE1-8208-2F79CDF785F2}.Release|Any CPU.Build.0 = Release|Any CPU
		{D1425200-7CBA-4FE1-8208-2F79CDF785F2}.Release|x64.ActiveCfg = Release|Any CPU
		{D1425200-7CBA-4FE1-8208-2F79CDF785F2}.Release|x64.Build.0 = Release|Any CPU
		{A8AD9450-D11B-46B0-B2B2-18210685005C}.Debug|Any CPU.ActiveCfg = Debug|Any CPU
		{A8AD9450-D11B-46B0-B2B2-18210685005C}.Debug|Any CPU.Build.0 = Debug|Any CPU
		{A8AD9450-D11B-46B0-B2B2-18210685005C}.Debug|x64.ActiveCfg = Debug|x64
		{A8AD9450-D11B-46B0-B2B2-18210685005C}.Debug|x64.Build.0 = Debug|x64
		{A8AD9450-D11B-46B0-B2B2-18210685005C}.Release|Any CPU.ActiveCfg = Release|Any CPU
		{A8AD9450-D11B-46B0-B2B2-18210685005C}.Release|Any CPU.Build.0 = Release|Any CPU
		{A8AD9450-D11B-46B0-B2B2-18210685005C}.Release|x64.ActiveCfg = Release|x64
		{A8AD9450-D11B-46B0-B2B2-18210685005C}.Release|x64.Build.0 = Release|x64
	EndGlobalSection
	GlobalSection(SolutionProperties) = preSolution
		HideSolutionNode = FALSE
	EndGlobalSection
	GlobalSection(ExtensibilityGlobals) = postSolution
		SolutionGuid = {ED9F4B7E-E562-4FC4-B1D2-163E853EB881}
	EndGlobalSection
EndGlobal
